
Microsoft Visual Studio Solution File, Format Version 12.00
# Visual Studio 15
VisualStudioVersion = 15.0.26730.15
MinimumVisualStudioVersion = 10.0.40219.1
Project("{FAE04EC0-301F-11D3-BF4B-00C04F79EFBC}") = "laboProgra01", "laboProgra01\laboProgra01.csproj", "{C42096CD-680A-4C77-9F1B-47C1E7AC44EC}"
EndProject
Global
	GlobalSection(SolutionConfigurationPlatforms) = preSolution
		Debug|Any CPU = Debug|Any CPU
		Release|Any CPU = Release|Any CPU
	EndGlobalSection
	GlobalSection(ProjectConfigurationPlatforms) = postSolution
		{C42096CD-680A-4C77-9F1B-47C1E7AC44EC}.Debug|Any CPU.ActiveCfg = Debug|Any CPU
		{C42096CD-680A-4C77-9F1B-47C1E7AC44EC}.Debug|Any CPU.Build.0 = Debug|Any CPU
		{C42096CD-680A-4C77-9F1B-47C1E7AC44EC}.Release|Any CPU.ActiveCfg = Release|Any CPU
		{C42096CD-680A-4C77-9F1B-47C1E7AC44EC}.Release|Any CPU.Build.0 = Release|Any CPU
	EndGlobalSection
	GlobalSection(SolutionProperties) = preSolution
		HideSolutionNode = FALSE
	EndGlobalSection
	GlobalSection(ExtensibilityGlobals) = postSolution
		SolutionGuid = {1245E7A4-E519-41EA-86C3-6BB6C84C7253}
	EndGlobalSection
EndGlobal
