
Microsoft Visual Studio Solution File, Format Version 12.00
# Visual Studio 15
VisualStudioVersion = 15.0.26730.16
MinimumVisualStudioVersion = 10.0.40219.1
Project("{FAE04EC0-301F-11D3-BF4B-00C04F79EFBC}") = "Article", "Article\Article.csproj", "{1855378D-7B2F-4635-97D2-8F583A08030B}"
EndProject
Global
	GlobalSection(SolutionConfigurationPlatforms) = preSolution
		Debug|Any CPU = Debug|Any CPU
		Release|Any CPU = Release|Any CPU
	EndGlobalSection
	GlobalSection(ProjectConfigurationPlatforms) = postSolution
		{1855378D-7B2F-4635-97D2-8F583A08030B}.Debug|Any CPU.ActiveCfg = Debug|Any CPU
		{1855378D-7B2F-4635-97D2-8F583A08030B}.Debug|Any CPU.Build.0 = Debug|Any CPU
		{1855378D-7B2F-4635-97D2-8F583A08030B}.Release|Any CPU.ActiveCfg = Release|Any CPU
		{1855378D-7B2F-4635-97D2-8F583A08030B}.Release|Any CPU.Build.0 = Release|Any CPU
	EndGlobalSection
	GlobalSection(SolutionProperties) = preSolution
		HideSolutionNode = FALSE
	EndGlobalSection
	GlobalSection(ExtensibilityGlobals) = postSolution
		SolutionGuid = {160B4E5B-6A18-4A41-9365-5490E61B82BD}
	EndGlobalSection
EndGlobal
