
Microsoft Visual Studio Solution File, Format Version 12.00
# Visual Studio 15
VisualStudioVersion = 15.0.26730.16
MinimumVisualStudioVersion = 10.0.40219.1
Project("{FAE04EC0-301F-11D3-BF4B-00C04F79EFBC}") = "WPF_socket_threads", "WPF_socket_threads\WPF_socket_threads.csproj", "{FB73DB5F-8DD2-446A-AA9F-596478CE26B5}"
EndProject
Project("{FAE04EC0-301F-11D3-BF4B-00C04F79EFBC}") = "WPF_socket_client", "WPF_socket_client\WPF_socket_client.csproj", "{311733E2-90B2-4A03-8DB1-FF0FEA8AA6B8}"
EndProject
Global
	GlobalSection(SolutionConfigurationPlatforms) = preSolution
		Debug|Any CPU = Debug|Any CPU
		Release|Any CPU = Release|Any CPU
	EndGlobalSection
	GlobalSection(ProjectConfigurationPlatforms) = postSolution
		{FB73DB5F-8DD2-446A-AA9F-596478CE26B5}.Debug|Any CPU.ActiveCfg = Debug|Any CPU
		{FB73DB5F-8DD2-446A-AA9F-596478CE26B5}.Debug|Any CPU.Build.0 = Debug|Any CPU
		{FB73DB5F-8DD2-446A-AA9F-596478CE26B5}.Release|Any CPU.ActiveCfg = Release|Any CPU
		{FB73DB5F-8DD2-446A-AA9F-596478CE26B5}.Release|Any CPU.Build.0 = Release|Any CPU
		{311733E2-90B2-4A03-8DB1-FF0FEA8AA6B8}.Debug|Any CPU.ActiveCfg = Debug|Any CPU
		{311733E2-90B2-4A03-8DB1-FF0FEA8AA6B8}.Debug|Any CPU.Build.0 = Debug|Any CPU
		{311733E2-90B2-4A03-8DB1-FF0FEA8AA6B8}.Release|Any CPU.ActiveCfg = Release|Any CPU
		{311733E2-90B2-4A03-8DB1-FF0FEA8AA6B8}.Release|Any CPU.Build.0 = Release|Any CPU
	EndGlobalSection
	GlobalSection(SolutionProperties) = preSolution
		HideSolutionNode = FALSE
	EndGlobalSection
	GlobalSection(ExtensibilityGlobals) = postSolution
		SolutionGuid = {B3A001C4-F8E1-4837-8C20-AFE305A0FB63}
	EndGlobalSection
EndGlobal
