
Microsoft Visual Studio Solution File, Format Version 12.00
# Visual Studio 15
VisualStudioVersion = 15.0.26730.16
MinimumVisualStudioVersion = 10.0.40219.1
Project("{9A19103F-16F7-4668-BE54-9A1E7A4F7556}") = "WebApplicationNetFramework", "WebApplicationNetFramework\WebApplicationNetFramework.csproj", "{EE24551D-748E-4F41-998C-21A2F83608EE}"
EndProject
Project("{FAE04EC0-301F-11D3-BF4B-00C04F79EFBC}") = "Ex02b", "Ex02b\Ex02b.csproj", "{37147DF3-1FE1-42C0-915C-AB6F956A1CDD}"
EndProject
Project("{FAE04EC0-301F-11D3-BF4B-00C04F79EFBC}") = "ex03", "ex03\ex03.csproj", "{628BEADB-A87E-4AFE-BA76-9CB89E6C242D}"
EndProject
Project("{FAE04EC0-301F-11D3-BF4B-00C04F79EFBC}") = "CheckCreditCard", "CheckCreditCard\CheckCreditCard.csproj", "{EAE091F5-DF85-429F-83B3-BF1611742CED}"
EndProject
Project("{FAE04EC0-301F-11D3-BF4B-00C04F79EFBC}") = "Jquery02", "Jquery02\Jquery02.csproj", "{10621924-49F1-4C49-B1FC-06C202E1B274}"
EndProject
Project("{FAE04EC0-301F-11D3-BF4B-00C04F79EFBC}") = "cookie", "cookie\cookie.csproj", "{BA9DBD11-5F9A-4DE4-BBF4-4A6CA345FD7F}"
EndProject
Project("{FAE04EC0-301F-11D3-BF4B-00C04F79EFBC}") = "ajax_Jquery", "ajax_Jquery\ajax_Jquery.csproj", "{7DA92EDE-1320-45B3-B3F8-6902FA1CC66B}"
EndProject
Project("{FAE04EC0-301F-11D3-BF4B-00C04F79EFBC}") = "Sql_Connection", "Sql_Connection\Sql_Connection.csproj", "{B7D3D3EB-38E4-4E25-8232-A74DCFB3D94A}"
EndProject
Project("{FAE04EC0-301F-11D3-BF4B-00C04F79EFBC}") = "testDiversPersos", "testDiversPersos\testDiversPersos.csproj", "{687DBD5D-8DC8-44D0-A4FA-35E4ABD870F8}"
EndProject
Project("{FAE04EC0-301F-11D3-BF4B-00C04F79EFBC}") = "Article", "Article\Article.csproj", "{D6140562-C12A-49FA-939A-9585C6D667CF}"
EndProject
Project("{FAE04EC0-301F-11D3-BF4B-00C04F79EFBC}") = "modelDansUneVue", "modelDansUneVue\modelDansUneVue.csproj", "{F6FEA06B-02CC-4D13-8079-848C1A49B0F0}"
EndProject
Project("{FAE04EC0-301F-11D3-BF4B-00C04F79EFBC}") = "lesFiltres", "lesFiltres\lesFiltres.csproj", "{2D009D29-14FD-4044-A36A-E8E59BD66F15}"
EndProject
Project("{FAE04EC0-301F-11D3-BF4B-00C04F79EFBC}") = "MasterPage", "MasterPage\MasterPage.csproj", "{3EB6A99A-83B3-43E9-9A5B-0B64851EC96D}"
EndProject
Project("{FAE04EC0-301F-11D3-BF4B-00C04F79EFBC}") = "BouncyCastle_crypto", "BouncyCastle_crypto\BouncyCastle_crypto.csproj", "{7239B497-7D40-4517-95B2-1DF0AD4E0F1D}"
EndProject
Project("{FAE04EC0-301F-11D3-BF4B-00C04F79EFBC}") = "WebApi2", "WebApi2\WebApi2.csproj", "{4AA96B3C-4C37-479A-9A73-ABEA6B36222D}"
EndProject
Project("{FAE04EC0-301F-11D3-BF4B-00C04F79EFBC}") = "UserOfWebApi", "UserOfWebApi\UserOfWebApi.csproj", "{83469D85-A51B-432C-9EE2-24CD6E58A999}"
EndProject
Project("{FAE04EC0-301F-11D3-BF4B-00C04F79EFBC}") = "test_webconfig", "test_webconfig\test_webconfig.csproj", "{686EE2F1-1E63-4137-A14B-AC575295C0F5}"
EndProject
Global
	GlobalSection(SolutionConfigurationPlatforms) = preSolution
		Debug|Any CPU = Debug|Any CPU
		Release|Any CPU = Release|Any CPU
	EndGlobalSection
	GlobalSection(ProjectConfigurationPlatforms) = postSolution
		{EE24551D-748E-4F41-998C-21A2F83608EE}.Debug|Any CPU.ActiveCfg = Debug|Any CPU
		{EE24551D-748E-4F41-998C-21A2F83608EE}.Debug|Any CPU.Build.0 = Debug|Any CPU
		{EE24551D-748E-4F41-998C-21A2F83608EE}.Release|Any CPU.ActiveCfg = Release|Any CPU
		{EE24551D-748E-4F41-998C-21A2F83608EE}.Release|Any CPU.Build.0 = Release|Any CPU
		{37147DF3-1FE1-42C0-915C-AB6F956A1CDD}.Debug|Any CPU.ActiveCfg = Debug|Any CPU
		{37147DF3-1FE1-42C0-915C-AB6F956A1CDD}.Debug|Any CPU.Build.0 = Debug|Any CPU
		{37147DF3-1FE1-42C0-915C-AB6F956A1CDD}.Release|Any CPU.ActiveCfg = Release|Any CPU
		{37147DF3-1FE1-42C0-915C-AB6F956A1CDD}.Release|Any CPU.Build.0 = Release|Any CPU
		{628BEADB-A87E-4AFE-BA76-9CB89E6C242D}.Debug|Any CPU.ActiveCfg = Debug|Any CPU
		{628BEADB-A87E-4AFE-BA76-9CB89E6C242D}.Debug|Any CPU.Build.0 = Debug|Any CPU
		{628BEADB-A87E-4AFE-BA76-9CB89E6C242D}.Release|Any CPU.ActiveCfg = Release|Any CPU
		{628BEADB-A87E-4AFE-BA76-9CB89E6C242D}.Release|Any CPU.Build.0 = Release|Any CPU
		{EAE091F5-DF85-429F-83B3-BF1611742CED}.Debug|Any CPU.ActiveCfg = Debug|Any CPU
		{EAE091F5-DF85-429F-83B3-BF1611742CED}.Debug|Any CPU.Build.0 = Debug|Any CPU
		{EAE091F5-DF85-429F-83B3-BF1611742CED}.Release|Any CPU.ActiveCfg = Release|Any CPU
		{EAE091F5-DF85-429F-83B3-BF1611742CED}.Release|Any CPU.Build.0 = Release|Any CPU
		{10621924-49F1-4C49-B1FC-06C202E1B274}.Debug|Any CPU.ActiveCfg = Debug|Any CPU
		{10621924-49F1-4C49-B1FC-06C202E1B274}.Debug|Any CPU.Build.0 = Debug|Any CPU
		{10621924-49F1-4C49-B1FC-06C202E1B274}.Release|Any CPU.ActiveCfg = Release|Any CPU
		{10621924-49F1-4C49-B1FC-06C202E1B274}.Release|Any CPU.Build.0 = Release|Any CPU
		{BA9DBD11-5F9A-4DE4-BBF4-4A6CA345FD7F}.Debug|Any CPU.ActiveCfg = Debug|Any CPU
		{BA9DBD11-5F9A-4DE4-BBF4-4A6CA345FD7F}.Debug|Any CPU.Build.0 = Debug|Any CPU
		{BA9DBD11-5F9A-4DE4-BBF4-4A6CA345FD7F}.Release|Any CPU.ActiveCfg = Release|Any CPU
		{BA9DBD11-5F9A-4DE4-BBF4-4A6CA345FD7F}.Release|Any CPU.Build.0 = Release|Any CPU
		{7DA92EDE-1320-45B3-B3F8-6902FA1CC66B}.Debug|Any CPU.ActiveCfg = Debug|Any CPU
		{7DA92EDE-1320-45B3-B3F8-6902FA1CC66B}.Debug|Any CPU.Build.0 = Debug|Any CPU
		{7DA92EDE-1320-45B3-B3F8-6902FA1CC66B}.Release|Any CPU.ActiveCfg = Release|Any CPU
		{7DA92EDE-1320-45B3-B3F8-6902FA1CC66B}.Release|Any CPU.Build.0 = Release|Any CPU
		{B7D3D3EB-38E4-4E25-8232-A74DCFB3D94A}.Debug|Any CPU.ActiveCfg = Debug|Any CPU
		{B7D3D3EB-38E4-4E25-8232-A74DCFB3D94A}.Debug|Any CPU.Build.0 = Debug|Any CPU
		{B7D3D3EB-38E4-4E25-8232-A74DCFB3D94A}.Release|Any CPU.ActiveCfg = Release|Any CPU
		{B7D3D3EB-38E4-4E25-8232-A74DCFB3D94A}.Release|Any CPU.Build.0 = Release|Any CPU
		{687DBD5D-8DC8-44D0-A4FA-35E4ABD870F8}.Debug|Any CPU.ActiveCfg = Debug|Any CPU
		{687DBD5D-8DC8-44D0-A4FA-35E4ABD870F8}.Debug|Any CPU.Build.0 = Debug|Any CPU
		{687DBD5D-8DC8-44D0-A4FA-35E4ABD870F8}.Release|Any CPU.ActiveCfg = Release|Any CPU
		{687DBD5D-8DC8-44D0-A4FA-35E4ABD870F8}.Release|Any CPU.Build.0 = Release|Any CPU
		{D6140562-C12A-49FA-939A-9585C6D667CF}.Debug|Any CPU.ActiveCfg = Debug|Any CPU
		{D6140562-C12A-49FA-939A-9585C6D667CF}.Debug|Any CPU.Build.0 = Debug|Any CPU
		{D6140562-C12A-49FA-939A-9585C6D667CF}.Release|Any CPU.ActiveCfg = Release|Any CPU
		{D6140562-C12A-49FA-939A-9585C6D667CF}.Release|Any CPU.Build.0 = Release|Any CPU
		{F6FEA06B-02CC-4D13-8079-848C1A49B0F0}.Debug|Any CPU.ActiveCfg = Debug|Any CPU
		{F6FEA06B-02CC-4D13-8079-848C1A49B0F0}.Debug|Any CPU.Build.0 = Debug|Any CPU
		{F6FEA06B-02CC-4D13-8079-848C1A49B0F0}.Release|Any CPU.ActiveCfg = Release|Any CPU
		{F6FEA06B-02CC-4D13-8079-848C1A49B0F0}.Release|Any CPU.Build.0 = Release|Any CPU
		{2D009D29-14FD-4044-A36A-E8E59BD66F15}.Debug|Any CPU.ActiveCfg = Debug|Any CPU
		{2D009D29-14FD-4044-A36A-E8E59BD66F15}.Debug|Any CPU.Build.0 = Debug|Any CPU
		{2D009D29-14FD-4044-A36A-E8E59BD66F15}.Release|Any CPU.ActiveCfg = Release|Any CPU
		{2D009D29-14FD-4044-A36A-E8E59BD66F15}.Release|Any CPU.Build.0 = Release|Any CPU
		{3EB6A99A-83B3-43E9-9A5B-0B64851EC96D}.Debug|Any CPU.ActiveCfg = Debug|Any CPU
		{3EB6A99A-83B3-43E9-9A5B-0B64851EC96D}.Debug|Any CPU.Build.0 = Debug|Any CPU
		{3EB6A99A-83B3-43E9-9A5B-0B64851EC96D}.Release|Any CPU.ActiveCfg = Release|Any CPU
		{3EB6A99A-83B3-43E9-9A5B-0B64851EC96D}.Release|Any CPU.Build.0 = Release|Any CPU
		{7239B497-7D40-4517-95B2-1DF0AD4E0F1D}.Debug|Any CPU.ActiveCfg = Debug|Any CPU
		{7239B497-7D40-4517-95B2-1DF0AD4E0F1D}.Debug|Any CPU.Build.0 = Debug|Any CPU
		{7239B497-7D40-4517-95B2-1DF0AD4E0F1D}.Release|Any CPU.ActiveCfg = Release|Any CPU
		{7239B497-7D40-4517-95B2-1DF0AD4E0F1D}.Release|Any CPU.Build.0 = Release|Any CPU
		{4AA96B3C-4C37-479A-9A73-ABEA6B36222D}.Debug|Any CPU.ActiveCfg = Debug|Any CPU
		{4AA96B3C-4C37-479A-9A73-ABEA6B36222D}.Debug|Any CPU.Build.0 = Debug|Any CPU
		{4AA96B3C-4C37-479A-9A73-ABEA6B36222D}.Release|Any CPU.ActiveCfg = Release|Any CPU
		{4AA96B3C-4C37-479A-9A73-ABEA6B36222D}.Release|Any CPU.Build.0 = Release|Any CPU
		{83469D85-A51B-432C-9EE2-24CD6E58A999}.Debug|Any CPU.ActiveCfg = Debug|Any CPU
		{83469D85-A51B-432C-9EE2-24CD6E58A999}.Debug|Any CPU.Build.0 = Debug|Any CPU
		{83469D85-A51B-432C-9EE2-24CD6E58A999}.Release|Any CPU.ActiveCfg = Release|Any CPU
		{83469D85-A51B-432C-9EE2-24CD6E58A999}.Release|Any CPU.Build.0 = Release|Any CPU
		{686EE2F1-1E63-4137-A14B-AC575295C0F5}.Debug|Any CPU.ActiveCfg = Debug|Any CPU
		{686EE2F1-1E63-4137-A14B-AC575295C0F5}.Debug|Any CPU.Build.0 = Debug|Any CPU
		{686EE2F1-1E63-4137-A14B-AC575295C0F5}.Release|Any CPU.ActiveCfg = Release|Any CPU
		{686EE2F1-1E63-4137-A14B-AC575295C0F5}.Release|Any CPU.Build.0 = Release|Any CPU
	EndGlobalSection
	GlobalSection(SolutionProperties) = preSolution
		HideSolutionNode = FALSE
	EndGlobalSection
	GlobalSection(ExtensibilityGlobals) = postSolution
		SolutionGuid = {2C7AF492-8581-4DC1-A413-9AF0908A4B67}
	EndGlobalSection
EndGlobal
