
Microsoft Visual Studio Solution File, Format Version 12.00
# Visual Studio 15
VisualStudioVersion = 15.0.26730.16
MinimumVisualStudioVersion = 10.0.40219.1
Project("{FAE04EC0-301F-11D3-BF4B-00C04F79EFBC}") = "WPF_XAML", "WPF_XAML.csproj", "{82822F79-D813-42CC-A2D5-B12DC2A37ED5}"
EndProject
Project("{FAE04EC0-301F-11D3-BF4B-00C04F79EFBC}") = "Premier_Test", "..\Premier_Test\Premier_Test.csproj", "{CC5AB597-C624-4534-AD62-427117F843FE}"
EndProject
Project("{FAE04EC0-301F-11D3-BF4B-00C04F79EFBC}") = "Events", "Events\Events.csproj", "{B879440D-A5C5-438D-8AD8-D4B5C2BB9C58}"
EndProject
Project("{FAE04EC0-301F-11D3-BF4B-00C04F79EFBC}") = "LeJeuDuPendu", "LeJeuDuPendu\LeJeuDuPendu.csproj", "{8A8D0559-44CA-4F02-B59D-92919CEE5516}"
EndProject
Project("{FAE04EC0-301F-11D3-BF4B-00C04F79EFBC}") = "testPerso", "..\testPerso\testPerso.csproj", "{2AD734D2-DBF3-41DD-9756-C92FCA8F5590}"
EndProject
Project("{FAE04EC0-301F-11D3-BF4B-00C04F79EFBC}") = "BarreDeChargement", "..\BarreDeChargement\BarreDeChargement.csproj", "{BC065EDE-E9BF-47A6-844B-88DBDA17374C}"
EndProject
Project("{FAE04EC0-301F-11D3-BF4B-00C04F79EFBC}") = "LesCommandes", "LesCommandes\LesCommandes.csproj", "{E60AF9EB-7F92-4777-98E3-E39A5348779A}"
EndProject
Project("{FAE04EC0-301F-11D3-BF4B-00C04F79EFBC}") = "Binding", "Binding\Binding.csproj", "{1D7EE81E-4151-47FD-B071-A49802CBE005}"
EndProject
Global
	GlobalSection(SolutionConfigurationPlatforms) = preSolution
		Debug|Any CPU = Debug|Any CPU
		Release|Any CPU = Release|Any CPU
	EndGlobalSection
	GlobalSection(ProjectConfigurationPlatforms) = postSolution
		{82822F79-D813-42CC-A2D5-B12DC2A37ED5}.Debug|Any CPU.ActiveCfg = Debug|Any CPU
		{82822F79-D813-42CC-A2D5-B12DC2A37ED5}.Debug|Any CPU.Build.0 = Debug|Any CPU
		{82822F79-D813-42CC-A2D5-B12DC2A37ED5}.Release|Any CPU.ActiveCfg = Release|Any CPU
		{82822F79-D813-42CC-A2D5-B12DC2A37ED5}.Release|Any CPU.Build.0 = Release|Any CPU
		{CC5AB597-C624-4534-AD62-427117F843FE}.Debug|Any CPU.ActiveCfg = Debug|Any CPU
		{CC5AB597-C624-4534-AD62-427117F843FE}.Debug|Any CPU.Build.0 = Debug|Any CPU
		{CC5AB597-C624-4534-AD62-427117F843FE}.Release|Any CPU.ActiveCfg = Release|Any CPU
		{CC5AB597-C624-4534-AD62-427117F843FE}.Release|Any CPU.Build.0 = Release|Any CPU
		{B879440D-A5C5-438D-8AD8-D4B5C2BB9C58}.Debug|Any CPU.ActiveCfg = Debug|Any CPU
		{B879440D-A5C5-438D-8AD8-D4B5C2BB9C58}.Debug|Any CPU.Build.0 = Debug|Any CPU
		{B879440D-A5C5-438D-8AD8-D4B5C2BB9C58}.Release|Any CPU.ActiveCfg = Release|Any CPU
		{B879440D-A5C5-438D-8AD8-D4B5C2BB9C58}.Release|Any CPU.Build.0 = Release|Any CPU
		{8A8D0559-44CA-4F02-B59D-92919CEE5516}.Debug|Any CPU.ActiveCfg = Debug|Any CPU
		{8A8D0559-44CA-4F02-B59D-92919CEE5516}.Debug|Any CPU.Build.0 = Debug|Any CPU
		{8A8D0559-44CA-4F02-B59D-92919CEE5516}.Release|Any CPU.ActiveCfg = Release|Any CPU
		{8A8D0559-44CA-4F02-B59D-92919CEE5516}.Release|Any CPU.Build.0 = Release|Any CPU
		{2AD734D2-DBF3-41DD-9756-C92FCA8F5590}.Debug|Any CPU.ActiveCfg = Debug|Any CPU
		{2AD734D2-DBF3-41DD-9756-C92FCA8F5590}.Debug|Any CPU.Build.0 = Debug|Any CPU
		{2AD734D2-DBF3-41DD-9756-C92FCA8F5590}.Release|Any CPU.ActiveCfg = Release|Any CPU
		{2AD734D2-DBF3-41DD-9756-C92FCA8F5590}.Release|Any CPU.Build.0 = Release|Any CPU
		{BC065EDE-E9BF-47A6-844B-88DBDA17374C}.Debug|Any CPU.ActiveCfg = Debug|Any CPU
		{BC065EDE-E9BF-47A6-844B-88DBDA17374C}.Debug|Any CPU.Build.0 = Debug|Any CPU
		{BC065EDE-E9BF-47A6-844B-88DBDA17374C}.Release|Any CPU.ActiveCfg = Release|Any CPU
		{BC065EDE-E9BF-47A6-844B-88DBDA17374C}.Release|Any CPU.Build.0 = Release|Any CPU
		{E60AF9EB-7F92-4777-98E3-E39A5348779A}.Debug|Any CPU.ActiveCfg = Debug|Any CPU
		{E60AF9EB-7F92-4777-98E3-E39A5348779A}.Debug|Any CPU.Build.0 = Debug|Any CPU
		{E60AF9EB-7F92-4777-98E3-E39A5348779A}.Release|Any CPU.ActiveCfg = Release|Any CPU
		{E60AF9EB-7F92-4777-98E3-E39A5348779A}.Release|Any CPU.Build.0 = Release|Any CPU
		{1D7EE81E-4151-47FD-B071-A49802CBE005}.Debug|Any CPU.ActiveCfg = Debug|Any CPU
		{1D7EE81E-4151-47FD-B071-A49802CBE005}.Debug|Any CPU.Build.0 = Debug|Any CPU
		{1D7EE81E-4151-47FD-B071-A49802CBE005}.Release|Any CPU.ActiveCfg = Release|Any CPU
		{1D7EE81E-4151-47FD-B071-A49802CBE005}.Release|Any CPU.Build.0 = Release|Any CPU
	EndGlobalSection
	GlobalSection(SolutionProperties) = preSolution
		HideSolutionNode = FALSE
	EndGlobalSection
	GlobalSection(ExtensibilityGlobals) = postSolution
		SolutionGuid = {A8055CED-A2DB-4F7F-89D0-F3F0EFB9C012}
	EndGlobalSection
EndGlobal
