
Microsoft Visual Studio Solution File, Format Version 12.00
# Visual Studio 15
VisualStudioVersion = 15.0.26730.16
MinimumVisualStudioVersion = 10.0.40219.1
Project("{FAE04EC0-301F-11D3-BF4B-00C04F79EFBC}") = "ServeurCom3", "ServeurCom3\ServeurCom3.csproj", "{4F28C31F-D5C1-42BB-9939-4A260230DABB}"
EndProject
Project("{FAE04EC0-301F-11D3-BF4B-00C04F79EFBC}") = "console_test_com", "console_test_com\console_test_com.csproj", "{9592C623-050B-493F-B519-17643EB19CBA}"
EndProject
Global
	GlobalSection(SolutionConfigurationPlatforms) = preSolution
		Debug|Any CPU = Debug|Any CPU
		Release|Any CPU = Release|Any CPU
	EndGlobalSection
	GlobalSection(ProjectConfigurationPlatforms) = postSolution
		{4F28C31F-D5C1-42BB-9939-4A260230DABB}.Debug|Any CPU.ActiveCfg = Debug|Any CPU
		{4F28C31F-D5C1-42BB-9939-4A260230DABB}.Debug|Any CPU.Build.0 = Debug|Any CPU
		{4F28C31F-D5C1-42BB-9939-4A260230DABB}.Release|Any CPU.ActiveCfg = Release|Any CPU
		{4F28C31F-D5C1-42BB-9939-4A260230DABB}.Release|Any CPU.Build.0 = Release|Any CPU
		{9592C623-050B-493F-B519-17643EB19CBA}.Debug|Any CPU.ActiveCfg = Debug|Any CPU
		{9592C623-050B-493F-B519-17643EB19CBA}.Debug|Any CPU.Build.0 = Debug|Any CPU
		{9592C623-050B-493F-B519-17643EB19CBA}.Release|Any CPU.ActiveCfg = Release|Any CPU
		{9592C623-050B-493F-B519-17643EB19CBA}.Release|Any CPU.Build.0 = Release|Any CPU
	EndGlobalSection
	GlobalSection(SolutionProperties) = preSolution
		HideSolutionNode = FALSE
	EndGlobalSection
	GlobalSection(ExtensibilityGlobals) = postSolution
		SolutionGuid = {BF2B72B9-0351-4966-BAFB-E11B9C56A88D}
	EndGlobalSection
EndGlobal
